
Microsoft Visual Studio Solution File, Format Version 12.00
# Visual Studio Version 17
VisualStudioVersion = 17.11.35222.181
MinimumVisualStudioVersion = 10.0.40219.1
Project("{FAE04EC0-301F-11D3-BF4B-00C04F79EFBC}") = "Labb2-ImageServicesInAzureAI-AIMachineLearningInMSAzure", "Labb2-ImageServicesInAzureAI-AIMachineLearningInMSAzure\Labb2-ImageServicesInAzureAI-AIMachineLearningInMSAzure.csproj", "{7E0A87DA-19D8-4B02-A17C-3AEFAFDBA537}"
EndProject
Global
	GlobalSection(SolutionConfigurationPlatforms) = preSolution
		Debug|Any CPU = Debug|Any CPU
		Release|Any CPU = Release|Any CPU
	EndGlobalSection
	GlobalSection(ProjectConfigurationPlatforms) = postSolution
		{7E0A87DA-19D8-4B02-A17C-3AEFAFDBA537}.Debug|Any CPU.ActiveCfg = Debug|Any CPU
		{7E0A87DA-19D8-4B02-A17C-3AEFAFDBA537}.Debug|Any CPU.Build.0 = Debug|Any CPU
		{7E0A87DA-19D8-4B02-A17C-3AEFAFDBA537}.Release|Any CPU.ActiveCfg = Release|Any CPU
		{7E0A87DA-19D8-4B02-A17C-3AEFAFDBA537}.Release|Any CPU.Build.0 = Release|Any CPU
	EndGlobalSection
	GlobalSection(SolutionProperties) = preSolution
		HideSolutionNode = FALSE
	EndGlobalSection
	GlobalSection(ExtensibilityGlobals) = postSolution
		SolutionGuid = {01AB64E1-4DBB-4754-B57E-CD17E1C18E99}
	EndGlobalSection
EndGlobal
